
Microsoft Visual Studio Solution File, Format Version 12.00
# Visual Studio Version 17
VisualStudioVersion = 17.3.32825.248
MinimumVisualStudioVersion = 10.0.40219.1
Project("{FAE04EC0-301F-11D3-BF4B-00C04F79EFBC}") = "Audiobooks", "Audiobooks\Audiobooks.csproj", "{F8EE49A1-2241-4297-B7B0-29FAFC23AC0F}"
EndProject
Global
	GlobalSection(SolutionConfigurationPlatforms) = preSolution
		Debug|Any CPU = Debug|Any CPU
		Release|Any CPU = Release|Any CPU
	EndGlobalSection
	GlobalSection(ProjectConfigurationPlatforms) = postSolution
		{F8EE49A1-2241-4297-B7B0-29FAFC23AC0F}.Debug|Any CPU.ActiveCfg = Debug|Any CPU
		{F8EE49A1-2241-4297-B7B0-29FAFC23AC0F}.Debug|Any CPU.Build.0 = Debug|Any CPU
		{F8EE49A1-2241-4297-B7B0-29FAFC23AC0F}.Release|Any CPU.ActiveCfg = Release|Any CPU
		{F8EE49A1-2241-4297-B7B0-29FAFC23AC0F}.Release|Any CPU.Build.0 = Release|Any CPU
	EndGlobalSection
	GlobalSection(SolutionProperties) = preSolution
		HideSolutionNode = FALSE
	EndGlobalSection
	GlobalSection(ExtensibilityGlobals) = postSolution
		SolutionGuid = {0AE3E832-BB75-4690-AACE-69F4D207B618}
	EndGlobalSection
EndGlobal
